
Microsoft Visual Studio Solution File, Format Version 12.00
# Visual Studio Version 16
VisualStudioVersion = 16.0.28803.452
MinimumVisualStudioVersion = 10.0.40219.1
Project("{FAE04EC0-301F-11D3-BF4B-00C04F79EFBC}") = "CookForMe", "CookForMe\CookForMe.csproj", "{EF038B94-873D-49D7-A4FC-0306FD623B25}"
EndProject
Global
	GlobalSection(SolutionConfigurationPlatforms) = preSolution
		Debug|Any CPU = Debug|Any CPU
		Release|Any CPU = Release|Any CPU
	EndGlobalSection
	GlobalSection(ProjectConfigurationPlatforms) = postSolution
		{EF038B94-873D-49D7-A4FC-0306FD623B25}.Debug|Any CPU.ActiveCfg = Debug|Any CPU
		{EF038B94-873D-49D7-A4FC-0306FD623B25}.Debug|Any CPU.Build.0 = Debug|Any CPU
		{EF038B94-873D-49D7-A4FC-0306FD623B25}.Release|Any CPU.ActiveCfg = Release|Any CPU
		{EF038B94-873D-49D7-A4FC-0306FD623B25}.Release|Any CPU.Build.0 = Release|Any CPU
	EndGlobalSection
	GlobalSection(SolutionProperties) = preSolution
		HideSolutionNode = FALSE
	EndGlobalSection
	GlobalSection(ExtensibilityGlobals) = postSolution
		SolutionGuid = {2D908268-F674-4A68-9FC4-A07F33EB2413}
	EndGlobalSection
EndGlobal
